<?xml version="1.0" encoding="utf-8"?>
<Project ToolsVersion="4.0" xmlns="http://schemas.microsoft.com/developer/msbuild/2003">
  <ItemGroup>
    <Filter Include="ソース ファイル">
      <UniqueIdentifier>{4FC737F1-C7A5-4376-A066-2A32D752A2FF}</UniqueIdentifier>
      <Extensions>cpp;c;cc;cxx;c++;def;odl;idl;hpj;bat;asm;asmx</Extensions>
    </Filter>
    <Filter Include="ヘッダー ファイル">
      <UniqueIdentifier>{93995380-89BD-4b04-88EB-625FBE52EBFB}</UniqueIdentifier>
      <Extensions>h;hh;hpp;hxx;h++;hm;inl;inc;ipp;xsd</Extensions>
    </Filter>
    <Filter Include="リソース ファイル">
      <UniqueIdentifier>{67DA6AB6-F800-4c08-8B7A-83BB121AAD01}</UniqueIdentifier>
      <Extensions>rc;ico;cur;bmp;dlg;rc2;rct;bin;rgs;gif;jpg;jpeg;jpe;resx;tiff;tif;png;wav;mfcribbon-ms</Extensions>
    </Filter>
    <Filter Include="ImGui_Docking">
      <UniqueIdentifier>{2ffba99c-6c68-4526-a907-2ff495750d8f}</UniqueIdentifier>
    </Filter>
    <Filter Include="ヘッダー ファイル\Math">
      <UniqueIdentifier>{5cbd5b55-9827-4c7f-bb28-478e56fd4d15}</UniqueIdentifier>
    </Filter>
    <Filter Include="ソース ファイル\Math">
      <UniqueIdentifier>{b0bfb273-8c4d-495f-9a4c-4a1c5d292391}</UniqueIdentifier>
    </Filter>
    <Filter Include="ソース ファイル\DX12">
      <UniqueIdentifier>{fd3c6139-78d4-487c-8c28-50475697bab5}</UniqueIdentifier>
    </Filter>
    <Filter Include="ヘッダー ファイル\DX12">
      <UniqueIdentifier>{58be812b-56c3-44dd-abaa-698d5bec067e}</UniqueIdentifier>
    </Filter>
    <Filter Include="ヘッダー ファイル\GUI">
      <UniqueIdentifier>{bbd6ebaf-a390-4ddf-860b-76ceeaaf70ab}</UniqueIdentifier>
    </Filter>
    <Filter Include="ソース ファイル\GUI">
      <UniqueIdentifier>{2bad7004-b574-44a2-91cc-12781835b2e3}</UniqueIdentifier>
    </Filter>
    <Filter Include="ヘッダー ファイル\Scene">
      <UniqueIdentifier>{dfb32376-d017-43aa-9933-c48b05394edf}</UniqueIdentifier>
    </Filter>
    <Filter Include="ソース ファイル\Scene">
      <UniqueIdentifier>{621ea9bf-5aa9-46c2-94d3-62cbe9c722bf}</UniqueIdentifier>
    </Filter>
    <Filter Include="ImGui">
      <UniqueIdentifier>{0783d736-d896-41b5-8a99-3f09551a355f}</UniqueIdentifier>
    </Filter>
    <Filter Include="ヘッダー ファイル\Model">
      <UniqueIdentifier>{46f18a52-e468-4038-8119-5cf8de38c52d}</UniqueIdentifier>
    </Filter>
    <Filter Include="ソース ファイル\Model">
      <UniqueIdentifier>{ce7d6905-531e-48dc-9f52-788bac1a76df}</UniqueIdentifier>
    </Filter>
    <Filter Include="リソース ファイル\HLSL">
      <UniqueIdentifier>{7a24670f-c558-4847-85e8-52ebc7f47fc9}</UniqueIdentifier>
    </Filter>
    <Filter Include="リソース ファイル\HLSL\VS">
      <UniqueIdentifier>{b5177feb-1dbf-4123-b593-512682c30930}</UniqueIdentifier>
    </Filter>
    <Filter Include="リソース ファイル\HLSL\PS">
      <UniqueIdentifier>{0792d2d8-accb-4f20-a918-535276e3d6da}</UniqueIdentifier>
    </Filter>
    <Filter Include="リソース ファイル\HLSL\Function">
      <UniqueIdentifier>{01698109-1ba6-421e-bc61-2cd40bb955ef}</UniqueIdentifier>
    </Filter>
    <Filter Include="リソース ファイル\HLSL\GS">
      <UniqueIdentifier>{db2c7b2c-7f40-4656-a8c1-59543ca3ff7e}</UniqueIdentifier>
    </Filter>
    <Filter Include="リソース ファイル\HLSL\HS">
      <UniqueIdentifier>{9e5018f3-28cb-4e52-a452-3ccf6fcbb869}</UniqueIdentifier>
    </Filter>
    <Filter Include="リソース ファイル\HLSL\DS">
      <UniqueIdentifier>{ca35380d-88af-48d5-8e5d-6b9cd3d13326}</UniqueIdentifier>
    </Filter>
    <Filter Include="ソース ファイル\Camera">
      <UniqueIdentifier>{4ce11a2b-2332-4d8e-b86b-9b3577047936}</UniqueIdentifier>
    </Filter>
    <Filter Include="ヘッダー ファイル\Camera">
      <UniqueIdentifier>{c5bac705-96c6-4b02-9ab2-35464eccbed6}</UniqueIdentifier>
    </Filter>
    <Filter Include="ヘッダー ファイル\String">
      <UniqueIdentifier>{c6aa0e17-6165-424f-9cde-3a6f14f27c8e}</UniqueIdentifier>
    </Filter>
    <Filter Include="ソース ファイル\String">
      <UniqueIdentifier>{e204accb-49af-4850-918b-6e9a15b7d3b6}</UniqueIdentifier>
    </Filter>
    <Filter Include="リソース ファイル\HLSL\Obj">
      <UniqueIdentifier>{a3d1e1c5-53b9-4a39-b322-60ce110995b1}</UniqueIdentifier>
    </Filter>
  </ItemGroup>
  <ItemGroup>
    <ClInclude Include="Epion12\Epion12.h">
      <Filter>ヘッダー ファイル</Filter>
    </ClInclude>
    <ClInclude Include="Epion12\WinApp.h">
      <Filter>ヘッダー ファイル</Filter>
    </ClInclude>
    <ClInclude Include="ImGui_Docking\imconfig.h">
      <Filter>ImGui_Docking</Filter>
    </ClInclude>
    <ClInclude Include="ImGui_Docking\imgui.h">
      <Filter>ImGui_Docking</Filter>
    </ClInclude>
    <ClInclude Include="ImGui_Docking\imgui_impl_dx12.h">
      <Filter>ImGui_Docking</Filter>
    </ClInclude>
    <ClInclude Include="ImGui_Docking\imgui_impl_win32.h">
      <Filter>ImGui_Docking</Filter>
    </ClInclude>
    <ClInclude Include="ImGui_Docking\imgui_internal.h">
      <Filter>ImGui_Docking</Filter>
    </ClInclude>
    <ClInclude Include="ImGui_Docking\imstb_rectpack.h">
      <Filter>ImGui_Docking</Filter>
    </ClInclude>
    <ClInclude Include="ImGui_Docking\imstb_textedit.h">
      <Filter>ImGui_Docking</Filter>
    </ClInclude>
    <ClInclude Include="ImGui_Docking\imstb_truetype.h">
      <Filter>ImGui_Docking</Filter>
    </ClInclude>
    <ClInclude Include="Epion12\Math\EpionMath.h">
      <Filter>ヘッダー ファイル\Math</Filter>
    </ClInclude>
    <ClInclude Include="Epion12\Math\EpionMatrix.h">
      <Filter>ヘッダー ファイル\Math</Filter>
    </ClInclude>
    <ClInclude Include="Epion12\Math\EpionRandom.h">
      <Filter>ヘッダー ファイル\Math</Filter>
    </ClInclude>
    <ClInclude Include="Epion12\Math\EpionVector2.h">
      <Filter>ヘッダー ファイル\Math</Filter>
    </ClInclude>
    <ClInclude Include="Epion12\Math\EpionVector3.h">
      <Filter>ヘッダー ファイル\Math</Filter>
    </ClInclude>
    <ClInclude Include="Epion12\Math\EpionVector4.h">
      <Filter>ヘッダー ファイル\Math</Filter>
    </ClInclude>
    <ClInclude Include="Epion12\Resource.h">
      <Filter>ヘッダー ファイル</Filter>
    </ClInclude>
    <ClInclude Include="Epion12\All.h">
      <Filter>ヘッダー ファイル</Filter>
    </ClInclude>
    <ClInclude Include="Epion12\MainSystem.h">
      <Filter>ヘッダー ファイル</Filter>
    </ClInclude>
    <ClInclude Include="Epion12\DX12\ViewPort.h">
      <Filter>ヘッダー ファイル\DX12</Filter>
    </ClInclude>
    <ClInclude Include="Epion12\Common.h">
      <Filter>ヘッダー ファイル</Filter>
    </ClInclude>
    <ClInclude Include="Epion12\GUI\ImGuiManager.h">
      <Filter>ヘッダー ファイル\GUI</Filter>
    </ClInclude>
    <ClInclude Include="Epion12\GUI\EpionGUI.h">
      <Filter>ヘッダー ファイル\GUI</Filter>
    </ClInclude>
    <ClInclude Include="Epion12\DX12\Device.h">
      <Filter>ヘッダー ファイル\DX12</Filter>
    </ClInclude>
    <ClInclude Include="Epion12\DX12\PipeLine.h">
      <Filter>ヘッダー ファイル\DX12</Filter>
    </ClInclude>
    <ClInclude Include="Epion12\DX12\CommandList.h">
      <Filter>ヘッダー ファイル\DX12</Filter>
    </ClInclude>
    <ClInclude Include="Epion12\DX12\Factory.h">
      <Filter>ヘッダー ファイル\DX12</Filter>
    </ClInclude>
    <ClInclude Include="Epion12\DX12\SwapChain.h">
      <Filter>ヘッダー ファイル\DX12</Filter>
    </ClInclude>
    <ClInclude Include="Epion12\DX12\CommandQueue.h">
      <Filter>ヘッダー ファイル\DX12</Filter>
    </ClInclude>
    <ClInclude Include="Epion12\DX12\RenderTarget.h">
      <Filter>ヘッダー ファイル\DX12</Filter>
    </ClInclude>
    <ClInclude Include="Epion12\GUI\WindowSetting.h">
      <Filter>ヘッダー ファイル\GUI</Filter>
    </ClInclude>
    <ClInclude Include="Epion12\GUI\ImGuiBase.h">
      <Filter>ヘッダー ファイル\GUI</Filter>
    </ClInclude>
    <ClInclude Include="Epion12\GUI\ImGuiFunction.h">
      <Filter>ヘッダー ファイル\GUI</Filter>
    </ClInclude>
    <ClInclude Include="Epion12\Scene\SceneManager.h">
      <Filter>ヘッダー ファイル\Scene</Filter>
    </ClInclude>
    <ClInclude Include="Epion12\Scene\SceneDefault.h">
      <Filter>ヘッダー ファイル\Scene</Filter>
    </ClInclude>
    <ClInclude Include="Epion12\Scene\Scene2D.h">
      <Filter>ヘッダー ファイル\Scene</Filter>
    </ClInclude>
    <ClInclude Include="ImGui\imconfig.h">
      <Filter>ImGui</Filter>
    </ClInclude>
    <ClInclude Include="ImGui\imgui.h">
      <Filter>ImGui</Filter>
    </ClInclude>
    <ClInclude Include="ImGui\imgui_impl_dx12.h">
      <Filter>ImGui</Filter>
    </ClInclude>
    <ClInclude Include="ImGui\imgui_impl_win32.h">
      <Filter>ImGui</Filter>
    </ClInclude>
    <ClInclude Include="ImGui\imgui_internal.h">
      <Filter>ImGui</Filter>
    </ClInclude>
    <ClInclude Include="ImGui\imstb_rectpack.h">
      <Filter>ImGui</Filter>
    </ClInclude>
    <ClInclude Include="ImGui\imstb_textedit.h">
      <Filter>ImGui</Filter>
    </ClInclude>
    <ClInclude Include="ImGui\imstb_truetype.h">
      <Filter>ImGui</Filter>
    </ClInclude>
    <ClInclude Include="Epion12\DX12\ShaderManager.h">
      <Filter>ヘッダー ファイル\DX12</Filter>
    </ClInclude>
    <ClInclude Include="Epion12\DX12\Buffer.h">
      <Filter>ヘッダー ファイル\DX12</Filter>
    </ClInclude>
    <ClInclude Include="Epion12\Model\Square.h">
      <Filter>ヘッダー ファイル\Model</Filter>
    </ClInclude>
    <ClInclude Include="Epion12\Model\Plane.h">
      <Filter>ヘッダー ファイル\Model</Filter>
    </ClInclude>
    <ClInclude Include="Epion12\Model\Model.h">
      <Filter>ヘッダー ファイル\Model</Filter>
    </ClInclude>
    <ClInclude Include="Epion12\DX12\RasterizerManager.h">
      <Filter>ヘッダー ファイル\DX12</Filter>
    </ClInclude>
    <ClInclude Include="Epion12\DX12\RootSignature.h">
      <Filter>ヘッダー ファイル\DX12</Filter>
    </ClInclude>
    <ClInclude Include="Epion12\DX12\DescriptorHeap.h">
      <Filter>ヘッダー ファイル\DX12</Filter>
    </ClInclude>
    <ClInclude Include="Epion12\DX12\ConstantBufferManager.h">
      <Filter>ヘッダー ファイル\DX12</Filter>
    </ClInclude>
    <ClInclude Include="Epion12\Model\ObjMesh.h">
      <Filter>ヘッダー ファイル\Model</Filter>
    </ClInclude>
    <ClInclude Include="Epion12\Camera\CameraManager.h">
      <Filter>ヘッダー ファイル\Camera</Filter>
    </ClInclude>
    <ClInclude Include="Epion12\Model\ObjLoader.h">
      <Filter>ヘッダー ファイル\Model</Filter>
    </ClInclude>
    <ClInclude Include="Epion12\String\EpionString.h">
      <Filter>ヘッダー ファイル\String</Filter>
    </ClInclude>
    <ClInclude Include="Epion12\Scene\Scene3D.h">
      <Filter>ヘッダー ファイル\Scene</Filter>
    </ClInclude>
    <ClInclude Include="Epion12\Model\StaticMesh.h">
      <Filter>ヘッダー ファイル\Model</Filter>
    </ClInclude>
    <ClInclude Include="Epion12\Model\TestModel.h">
      <Filter>ヘッダー ファイル\Model</Filter>
    </ClInclude>
    <ClInclude Include="Epion12\Scene\SceneTest.h">
      <Filter>ヘッダー ファイル\Scene</Filter>
    </ClInclude>
    <ClInclude Include="Epion12\DX12\BlendState.h">
      <Filter>ヘッダー ファイル\DX12</Filter>
    </ClInclude>
    <ClInclude Include="Epion12\Model\PrimitiveModelData.h">
      <Filter>ヘッダー ファイル\Model</Filter>
    </ClInclude>
  </ItemGroup>
  <ItemGroup>
    <ClCompile Include="Epion12\WinMain.cpp">
      <Filter>ソース ファイル</Filter>
    </ClCompile>
    <ClCompile Include="Epion12\WinApp.cpp">
      <Filter>ソース ファイル</Filter>
    </ClCompile>
    <ClCompile Include="ImGui_Docking\imgui.cpp">
      <Filter>ImGui_Docking</Filter>
    </ClCompile>
    <ClCompile Include="ImGui_Docking\imgui_demo.cpp">
      <Filter>ImGui_Docking</Filter>
    </ClCompile>
    <ClCompile Include="ImGui_Docking\imgui_draw.cpp">
      <Filter>ImGui_Docking</Filter>
    </ClCompile>
    <ClCompile Include="ImGui_Docking\imgui_impl_dx12.cpp">
      <Filter>ImGui_Docking</Filter>
    </ClCompile>
    <ClCompile Include="ImGui_Docking\imgui_impl_win32.cpp">
      <Filter>ImGui_Docking</Filter>
    </ClCompile>
    <ClCompile Include="ImGui_Docking\imgui_widgets.cpp">
      <Filter>ImGui_Docking</Filter>
    </ClCompile>
    <ClCompile Include="Epion12\Math\EpionRandom.cpp">
      <Filter>ソース ファイル\Math</Filter>
    </ClCompile>
    <ClCompile Include="Epion12\MainSystem.cpp">
      <Filter>ソース ファイル</Filter>
    </ClCompile>
    <ClCompile Include="Epion12\DX12\ViewPort.cpp">
      <Filter>ソース ファイル\DX12</Filter>
    </ClCompile>
    <ClCompile Include="Epion12\GUI\ImGuiManager.cpp">
      <Filter>ソース ファイル\GUI</Filter>
    </ClCompile>
    <ClCompile Include="Epion12\DX12\Device.cpp">
      <Filter>ソース ファイル\DX12</Filter>
    </ClCompile>
    <ClCompile Include="Epion12\DX12\PipeLine.cpp">
      <Filter>ソース ファイル\DX12</Filter>
    </ClCompile>
    <ClCompile Include="Epion12\DX12\CommandList.cpp">
      <Filter>ソース ファイル\DX12</Filter>
    </ClCompile>
    <ClCompile Include="Epion12\DX12\Factory.cpp">
      <Filter>ソース ファイル\DX12</Filter>
    </ClCompile>
    <ClCompile Include="Epion12\DX12\SwapChain.cpp">
      <Filter>ソース ファイル\DX12</Filter>
    </ClCompile>
    <ClCompile Include="Epion12\DX12\CommandQueue.cpp">
      <Filter>ソース ファイル\DX12</Filter>
    </ClCompile>
    <ClCompile Include="Epion12\DX12\RenderTarget.cpp">
      <Filter>ソース ファイル\DX12</Filter>
    </ClCompile>
    <ClCompile Include="Epion12\GUI\WindowSetting.cpp">
      <Filter>ソース ファイル\GUI</Filter>
    </ClCompile>
    <ClCompile Include="Epion12\GUI\ImGuiBase.cpp">
      <Filter>ソース ファイル\GUI</Filter>
    </ClCompile>
    <ClCompile Include="Epion12\GUI\ImGuiFunction.cpp">
      <Filter>ソース ファイル\GUI</Filter>
    </ClCompile>
    <ClCompile Include="Epion12\Scene\SceneManager.cpp">
      <Filter>ソース ファイル\Scene</Filter>
    </ClCompile>
    <ClCompile Include="Epion12\Scene\SceneDefault.cpp">
      <Filter>ソース ファイル\Scene</Filter>
    </ClCompile>
    <ClCompile Include="Epion12\Scene\Scene2D.cpp">
      <Filter>ソース ファイル\Scene</Filter>
    </ClCompile>
    <ClCompile Include="ImGui\imgui.cpp">
      <Filter>ImGui</Filter>
    </ClCompile>
    <ClCompile Include="ImGui\imgui_demo.cpp">
      <Filter>ImGui</Filter>
    </ClCompile>
    <ClCompile Include="ImGui\imgui_draw.cpp">
      <Filter>ImGui</Filter>
    </ClCompile>
    <ClCompile Include="ImGui\imgui_impl_dx12.cpp">
      <Filter>ImGui</Filter>
    </ClCompile>
    <ClCompile Include="ImGui\imgui_impl_win32.cpp">
      <Filter>ImGui</Filter>
    </ClCompile>
    <ClCompile Include="ImGui\imgui_widgets.cpp">
      <Filter>ImGui</Filter>
    </ClCompile>
    <ClCompile Include="Epion12\DX12\ShaderManager.cpp">
      <Filter>ソース ファイル\DX12</Filter>
    </ClCompile>
    <ClCompile Include="Epion12\DX12\Buffer.cpp">
      <Filter>ソース ファイル\DX12</Filter>
    </ClCompile>
    <ClCompile Include="Epion12\Model\Square.cpp">
      <Filter>ソース ファイル\Model</Filter>
    </ClCompile>
    <ClCompile Include="Epion12\Model\Plane.cpp">
      <Filter>ソース ファイル\Model</Filter>
    </ClCompile>
    <ClCompile Include="Epion12\Model\Model.cpp">
      <Filter>ソース ファイル\Model</Filter>
    </ClCompile>
    <ClCompile Include="Epion12\DX12\RasterizerManager.cpp">
      <Filter>ソース ファイル\DX12</Filter>
    </ClCompile>
    <ClCompile Include="Epion12\DX12\RootSignature.cpp">
      <Filter>ソース ファイル\DX12</Filter>
    </ClCompile>
    <ClCompile Include="Epion12\DX12\DescriptorHeap.cpp">
      <Filter>ソース ファイル\DX12</Filter>
    </ClCompile>
    <ClCompile Include="Epion12\DX12\ConstantBufferManager.cpp">
      <Filter>ソース ファイル\DX12</Filter>
    </ClCompile>
    <ClCompile Include="Epion12\Model\ObjMesh.cpp">
      <Filter>ソース ファイル\Model</Filter>
    </ClCompile>
    <ClCompile Include="Epion12\Camera\CameraManager.cpp">
      <Filter>ソース ファイル\Camera</Filter>
    </ClCompile>
    <ClCompile Include="Epion12\Model\ObjLoader.cpp">
      <Filter>ソース ファイル\Model</Filter>
    </ClCompile>
    <ClCompile Include="Epion12\String\EpionString.cpp">
      <Filter>ソース ファイル\String</Filter>
    </ClCompile>
    <ClCompile Include="Epion12\Scene\Scene3D.cpp">
      <Filter>ソース ファイル\Scene</Filter>
    </ClCompile>
    <ClCompile Include="Epion12\Model\StaticMesh.cpp">
      <Filter>ソース ファイル\Model</Filter>
    </ClCompile>
    <ClCompile Include="Epion12\Model\TestModel.cpp">
      <Filter>ソース ファイル\Model</Filter>
    </ClCompile>
    <ClCompile Include="Epion12\Scene\SceneTest.cpp">
      <Filter>ソース ファイル\Scene</Filter>
    </ClCompile>
    <ClCompile Include="Epion12\DX12\BlendState.cpp">
      <Filter>ソース ファイル\DX12</Filter>
    </ClCompile>
    <ClCompile Include="Epion12\Model\PrimitiveModelData.cpp">
      <Filter>ソース ファイル\Model</Filter>
    </ClCompile>
  </ItemGroup>
  <ItemGroup>
    <None Include="packages.config" />
    <None Include="Epion12\HLSL\Function\Noise.hlsli">
      <Filter>リソース ファイル\HLSL\Function</Filter>
    </None>
    <None Include="Epion12\HLSL\Function\Procedural.hlsli">
      <Filter>リソース ファイル\HLSL\Function</Filter>
    </None>
    <None Include="Epion12\HLSL\Function\UV.hlsli">
      <Filter>リソース ファイル\HLSL\Function</Filter>
    </None>
    <None Include="Epion12\HLSL\Obj\Obj.hlsli">
      <Filter>リソース ファイル\HLSL\Obj</Filter>
    </None>
    <None Include="Epion12\HLSL\Function\Lighting.hlsli">
      <Filter>リソース ファイル\HLSL\Function</Filter>
    </None>
    <None Include="Epion12\HLSL\Function\DistanceFunction.hlsli">
      <Filter>リソース ファイル\HLSL\Function</Filter>
    </None>
  </ItemGroup>
  <ItemGroup>
    <FxCompile Include="Epion12\HLSL\PS\PixelShader.hlsl">
      <Filter>リソース ファイル\HLSL\PS</Filter>
    </FxCompile>
    <FxCompile Include="Epion12\HLSL\VS\VertexShader.hlsl">
      <Filter>リソース ファイル\HLSL\VS</Filter>
    </FxCompile>
    <FxCompile Include="Epion12\HLSL\DS\DomainShader.hlsl">
      <Filter>リソース ファイル\HLSL\DS</Filter>
    </FxCompile>
    <FxCompile Include="Epion12\HLSL\HS\HullShader.hlsl">
      <Filter>リソース ファイル\HLSL\HS</Filter>
    </FxCompile>
    <FxCompile Include="Epion12\HLSL\GS\GeometryShader.hlsl">
      <Filter>リソース ファイル\HLSL\GS</Filter>
    </FxCompile>
    <FxCompile Include="Epion12\HLSL\VS\ObjVertexShader.hlsl">
      <Filter>リソース ファイル\HLSL\VS</Filter>
    </FxCompile>
    <FxCompile Include="Epion12\HLSL\PS\ObjPixelShader.hlsl">
      <Filter>リソース ファイル\HLSL\PS</Filter>
    </FxCompile>
    <FxCompile Include="Epion12\HLSL\Obj\TestPixelShader.hlsl">
      <Filter>リソース ファイル\HLSL\Obj</Filter>
    </FxCompile>
    <FxCompile Include="Epion12\HLSL\Obj\TestVertexShader.hlsl">
      <Filter>リソース ファイル\HLSL\Obj</Filter>
    </FxCompile>
    <FxCompile Include="Epion12\HLSL\PS\Scene2DDemo.hlsl">
      <Filter>リソース ファイル\HLSL\PS</Filter>
    </FxCompile>
    <FxCompile Include="Epion12\HLSL\PSShader.hlsl">
      <Filter>リソース ファイル\HLSL</Filter>
    </FxCompile>
    <FxCompile Include="Epion12\HLSL\VSShader.hlsl">
      <Filter>リソース ファイル\HLSL</Filter>
    </FxCompile>
    <FxCompile Include="Epion12\HLSL\GSShader.hlsl">
      <Filter>リソース ファイル\HLSL</Filter>
    </FxCompile>
  </ItemGroup>
</Project>